
Microsoft Visual Studio Solution File, Format Version 12.00
# Visual Studio Version 17
VisualStudioVersion = 17.4.33213.308
MinimumVisualStudioVersion = 10.0.40219.1
Project("{9A19103F-16F7-4668-BE54-9A1E7A4F7556}") = "WinFormsAOT_example", "WinFormsAOT_example.csproj", "{698CEB1F-2DE2-4546-9D10-DAD8AC890EA2}"
EndProject
Global
	GlobalSection(SolutionConfigurationPlatforms) = preSolution
		Debug|Any CPU = Debug|Any CPU
		Release|Any CPU = Release|Any CPU
	EndGlobalSection
	GlobalSection(ProjectConfigurationPlatforms) = postSolution
		{698CEB1F-2DE2-4546-9D10-DAD8AC890EA2}.Debug|Any CPU.ActiveCfg = Debug|Any CPU
		{698CEB1F-2DE2-4546-9D10-DAD8AC890EA2}.Debug|Any CPU.Build.0 = Debug|Any CPU
		{698CEB1F-2DE2-4546-9D10-DAD8AC890EA2}.Release|Any CPU.ActiveCfg = Release|Any CPU
		{698CEB1F-2DE2-4546-9D10-DAD8AC890EA2}.Release|Any CPU.Build.0 = Release|Any CPU
	EndGlobalSection
	GlobalSection(SolutionProperties) = preSolution
		HideSolutionNode = FALSE
	EndGlobalSection
	GlobalSection(ExtensibilityGlobals) = postSolution
		SolutionGuid = {27350244-46E5-4CDE-8B0D-5E5491000139}
	EndGlobalSection
EndGlobal
